// !$*UTF8*$!
{
	archiveVersion = 1;
	classes = {
	};
	objectVersion = 48;
	objects = {

/* Begin PBXBuildFile section */
		3710B2E51FE9205C003F2A40 /* CLLoggerVC.m in Sources */ = {isa = PBXBuildFile; fileRef = 3710B2E41FE9205C003F2A40 /* CLLoggerVC.m */; };
		3768FC9A1FE22B9D00B229AC /* YTKNetworkingVC.m in Sources */ = {isa = PBXBuildFile; fileRef = 3768FC931FE22B9D00B229AC /* YTKNetworkingVC.m */; };
		3768FC9B1FE22B9D00B229AC /* RegisterApi.m in Sources */ = {isa = PBXBuildFile; fileRef = 3768FC941FE22B9D00B229AC /* RegisterApi.m */; };
		3768FC9C1FE22B9D00B229AC /* RTNetworkingVC.m in Sources */ = {isa = PBXBuildFile; fileRef = 3768FC991FE22B9D00B229AC /* RTNetworkingVC.m */; };
		3768FCA61FE2541100B229AC /* ReformerMoreToOneVC.m in Sources */ = {isa = PBXBuildFile; fileRef = 3768FCA51FE2541100B229AC /* ReformerMoreToOneVC.m */; };
		3768FCA91FE2541D00B229AC /* ReformerOntToMoreVC.m in Sources */ = {isa = PBXBuildFile; fileRef = 3768FCA81FE2541D00B229AC /* ReformerOntToMoreVC.m */; };
		3768FCAB1FE2645300B229AC /* 1.plist in Resources */ = {isa = PBXBuildFile; fileRef = 3768FCAA1FE2645300B229AC /* 1.plist */; };
		3768FCAD1FE2645C00B229AC /* 2.plist in Resources */ = {isa = PBXBuildFile; fileRef = 3768FCAC1FE2645C00B229AC /* 2.plist */; };
		3768FCBB1FE28B4300B229AC /* ABusinessManager.m in Sources */ = {isa = PBXBuildFile; fileRef = 3768FCBA1FE28B4300B229AC /* ABusinessManager.m */; };
		3768FCBE1FE28B4F00B229AC /* BBusinessManager.m in Sources */ = {isa = PBXBuildFile; fileRef = 3768FCBD1FE28B4F00B229AC /* BBusinessManager.m */; };
		3768FCC31FE3C27B00B229AC /* ARefomer.m in Sources */ = {isa = PBXBuildFile; fileRef = 3768FCC21FE3C27B00B229AC /* ARefomer.m */; };
		3777C58520108FF0001CD0B8 /* JDLog.m in Sources */ = {isa = PBXBuildFile; fileRef = 3777C58420108FF0001CD0B8 /* JDLog.m */; };
		3777C5882010A173001CD0B8 /* JDCustomFormatter.m in Sources */ = {isa = PBXBuildFile; fileRef = 3777C5872010A173001CD0B8 /* JDCustomFormatter.m */; };
		37D06B951FF1EF0D00E783AA /* FDTemplateLayoutCellVC.m in Sources */ = {isa = PBXBuildFile; fileRef = 37D06B941FF1EF0D00E783AA /* FDTemplateLayoutCellVC.m */; };
		37D44BD11FE7B721006CBD30 /* 3.plist in Resources */ = {isa = PBXBuildFile; fileRef = 37D44BD01FE7B721006CBD30 /* 3.plist */; };
		37D44BD41FE7B7AF006CBD30 /* V1Reformer.m in Sources */ = {isa = PBXBuildFile; fileRef = 37D44BD31FE7B7AF006CBD30 /* V1Reformer.m */; };
		37D44BD71FE7B7B8006CBD30 /* V2Reformer.m in Sources */ = {isa = PBXBuildFile; fileRef = 37D44BD61FE7B7B8006CBD30 /* V2Reformer.m */; };
		37D44BDC1FE7B848006CBD30 /* VBusinessManager.m in Sources */ = {isa = PBXBuildFile; fileRef = 37D44BDB1FE7B848006CBD30 /* VBusinessManager.m */; };
		37DEE2A61FDE878100E453A2 /* JDNetworkingDemoViewController.m in Sources */ = {isa = PBXBuildFile; fileRef = 37DEE2A51FDE878100E453A2 /* JDNetworkingDemoViewController.m */; };
		37DEE2EE1FDE9A6500E453A2 /* CTLoggerConfiguration.m in Sources */ = {isa = PBXBuildFile; fileRef = 37DEE2AF1FDE9A6500E453A2 /* CTLoggerConfiguration.m */; };
		37DEE2EF1FDE9A6500E453A2 /* CTNetworkingConfiguration.plist in Resources */ = {isa = PBXBuildFile; fileRef = 37DEE2B01FDE9A6500E453A2 /* CTNetworkingConfiguration.plist */; };
		37DEE2F01FDE9A6500E453A2 /* CTNetworkingConfigurationManager.m in Sources */ = {isa = PBXBuildFile; fileRef = 37DEE2B11FDE9A6500E453A2 /* CTNetworkingConfigurationManager.m */; };
		37DEE2F11FDE9A6500E453A2 /* CTLogger.m in Sources */ = {isa = PBXBuildFile; fileRef = 37DEE2B71FDE9A6500E453A2 /* CTLogger.m */; };
		37DEE2F21FDE9A6500E453A2 /* CTURLResponse.m in Sources */ = {isa = PBXBuildFile; fileRef = 37DEE2BA1FDE9A6500E453A2 /* CTURLResponse.m */; };
		37DEE2F31FDE9A6500E453A2 /* CTAPIBaseManager.m in Sources */ = {isa = PBXBuildFile; fileRef = 37DEE2BC1FDE9A6500E453A2 /* CTAPIBaseManager.m */; };
		37DEE2F41FDE9A6500E453A2 /* LGBaseAPICommand.m in Sources */ = {isa = PBXBuildFile; fileRef = 37DEE2BF1FDE9A6500E453A2 /* LGBaseAPICommand.m */; };
		37DEE2F51FDE9A6500E453A2 /* CLBasicCommand.m in Sources */ = {isa = PBXBuildFile; fileRef = 37DEE2C21FDE9A6500E453A2 /* CLBasicCommand.m */; };
		37DEE2F61FDE9A6500E453A2 /* CTLocationManager.m in Sources */ = {isa = PBXBuildFile; fileRef = 37DEE2C41FDE9A6500E453A2 /* CTLocationManager.m */; };
		37DEE2F71FDE9A6500E453A2 /* iPhoneTypeDefine.plist in Resources */ = {isa = PBXBuildFile; fileRef = 37DEE2C61FDE9A6500E453A2 /* iPhoneTypeDefine.plist */; };
		37DEE2F81FDE9A6500E453A2 /* CTApiProxy.m in Sources */ = {isa = PBXBuildFile; fileRef = 37DEE2C91FDE9A6500E453A2 /* CTApiProxy.m */; };
		37DEE2F91FDE9A6500E453A2 /* CTCache.m in Sources */ = {isa = PBXBuildFile; fileRef = 37DEE2CB1FDE9A6500E453A2 /* CTCache.m */; };
		37DEE2FA1FDE9A6500E453A2 /* CTCachedObject.m in Sources */ = {isa = PBXBuildFile; fileRef = 37DEE2CC1FDE9A6500E453A2 /* CTCachedObject.m */; };
		37DEE2FB1FDE9A6500E453A2 /* CTRequestGenerator.m in Sources */ = {isa = PBXBuildFile; fileRef = 37DEE2D11FDE9A6500E453A2 /* CTRequestGenerator.m */; };
		37DEE2FC1FDE9A6500E453A2 /* CTSignatureGenerator.m in Sources */ = {isa = PBXBuildFile; fileRef = 37DEE2D41FDE9A6500E453A2 /* CTSignatureGenerator.m */; };
		37DEE2FD1FDE9A6500E453A2 /* CTCommonParamsGenerator.m in Sources */ = {isa = PBXBuildFile; fileRef = 37DEE2D81FDE9A6500E453A2 /* CTCommonParamsGenerator.m */; };
		37DEE2FE1FDE9A6500E453A2 /* NSURLRequest+CTNetworkingMethods.m in Sources */ = {isa = PBXBuildFile; fileRef = 37DEE2E21FDE9A6500E453A2 /* NSURLRequest+CTNetworkingMethods.m */; };
		37DEE2FF1FDE9A6500E453A2 /* NSObject+CTNetworkingMethods.m in Sources */ = {isa = PBXBuildFile; fileRef = 37DEE2E31FDE9A6500E453A2 /* NSObject+CTNetworkingMethods.m */; };
		37DEE3001FDE9A6500E453A2 /* NSString+CTNetworkingMethods.m in Sources */ = {isa = PBXBuildFile; fileRef = 37DEE2E41FDE9A6500E453A2 /* NSString+CTNetworkingMethods.m */; };
		37DEE3011FDE9A6500E453A2 /* NSArray+CTNetworkingMethods.m in Sources */ = {isa = PBXBuildFile; fileRef = 37DEE2E51FDE9A6500E453A2 /* NSArray+CTNetworkingMethods.m */; };
		37DEE3021FDE9A6500E453A2 /* NSDictionary+CTNetworkingMethods.m in Sources */ = {isa = PBXBuildFile; fileRef = 37DEE2E61FDE9A6500E453A2 /* NSDictionary+CTNetworkingMethods.m */; };
		37DEE3031FDE9A6500E453A2 /* NSMutableString+CTNetworkingMethods.m in Sources */ = {isa = PBXBuildFile; fileRef = 37DEE2E71FDE9A6500E453A2 /* NSMutableString+CTNetworkingMethods.m */; };
		37DEE3041FDE9A6500E453A2 /* UIDevice+CTNetworkingMethods.m in Sources */ = {isa = PBXBuildFile; fileRef = 37DEE2E81FDE9A6500E453A2 /* UIDevice+CTNetworkingMethods.m */; };
		37DEE3051FDE9A6500E453A2 /* CTService.m in Sources */ = {isa = PBXBuildFile; fileRef = 37DEE2EB1FDE9A6500E453A2 /* CTService.m */; };
		37DEE3061FDE9A6500E453A2 /* CTServiceFactory.m in Sources */ = {isa = PBXBuildFile; fileRef = 37DEE2EC1FDE9A6500E453A2 /* CTServiceFactory.m */; };
		37FE64B81FDE83D100937623 /* AppDelegate.m in Sources */ = {isa = PBXBuildFile; fileRef = 37FE64B71FDE83D100937623 /* AppDelegate.m */; };
		37FE64BB1FDE83D100937623 /* ViewController.m in Sources */ = {isa = PBXBuildFile; fileRef = 37FE64BA1FDE83D100937623 /* ViewController.m */; };
		37FE64BE1FDE83D100937623 /* Main.storyboard in Resources */ = {isa = PBXBuildFile; fileRef = 37FE64BC1FDE83D100937623 /* Main.storyboard */; };
		37FE64C01FDE83D100937623 /* Assets.xcassets in Resources */ = {isa = PBXBuildFile; fileRef = 37FE64BF1FDE83D100937623 /* Assets.xcassets */; };
		37FE64C31FDE83D100937623 /* LaunchScreen.storyboard in Resources */ = {isa = PBXBuildFile; fileRef = 37FE64C11FDE83D100937623 /* LaunchScreen.storyboard */; };
		37FE64C61FDE83D100937623 /* main.m in Sources */ = {isa = PBXBuildFile; fileRef = 37FE64C51FDE83D100937623 /* main.m */; };
		84F88FC1EE9DE7D18B356768 /* Pods_JDComponents.framework in Frameworks */ = {isa = PBXBuildFile; fileRef = A98F54C7BB4EA4E550CB607E /* Pods_JDComponents.framework */; };
/* End PBXBuildFile section */

/* Begin PBXFileReference section */
		3710B2E31FE9205C003F2A40 /* CLLoggerVC.h */ = {isa = PBXFileReference; fileEncoding = 4; lastKnownFileType = sourcecode.c.h; path = CLLoggerVC.h; sourceTree = "<group>"; };
		3710B2E41FE9205C003F2A40 /* CLLoggerVC.m */ = {isa = PBXFileReference; fileEncoding = 4; lastKnownFileType = sourcecode.c.objc; path = CLLoggerVC.m; sourceTree = "<group>"; };
		3768FC931FE22B9D00B229AC /* YTKNetworkingVC.m */ = {isa = PBXFileReference; fileEncoding = 4; lastKnownFileType = sourcecode.c.objc; path = YTKNetworkingVC.m; sourceTree = "<group>"; };
		3768FC941FE22B9D00B229AC /* RegisterApi.m */ = {isa = PBXFileReference; fileEncoding = 4; lastKnownFileType = sourcecode.c.objc; path = RegisterApi.m; sourceTree = "<group>"; };
		3768FC951FE22B9D00B229AC /* YTKNetworkingVC.h */ = {isa = PBXFileReference; fileEncoding = 4; lastKnownFileType = sourcecode.c.h; path = YTKNetworkingVC.h; sourceTree = "<group>"; };
		3768FC961FE22B9D00B229AC /* RegisterApi.h */ = {isa = PBXFileReference; fileEncoding = 4; lastKnownFileType = sourcecode.c.h; path = RegisterApi.h; sourceTree = "<group>"; };
		3768FC981FE22B9D00B229AC /* RTNetworkingVC.h */ = {isa = PBXFileReference; fileEncoding = 4; lastKnownFileType = sourcecode.c.h; path = RTNetworkingVC.h; sourceTree = "<group>"; };
		3768FC991FE22B9D00B229AC /* RTNetworkingVC.m */ = {isa = PBXFileReference; fileEncoding = 4; lastKnownFileType = sourcecode.c.objc; path = RTNetworkingVC.m; sourceTree = "<group>"; };
		3768FCA41FE2541100B229AC /* ReformerMoreToOneVC.h */ = {isa = PBXFileReference; lastKnownFileType = sourcecode.c.h; path = ReformerMoreToOneVC.h; sourceTree = "<group>"; };
		3768FCA51FE2541100B229AC /* ReformerMoreToOneVC.m */ = {isa = PBXFileReference; lastKnownFileType = sourcecode.c.objc; path = ReformerMoreToOneVC.m; sourceTree = "<group>"; };
		3768FCA71FE2541D00B229AC /* ReformerOntToMoreVC.h */ = {isa = PBXFileReference; lastKnownFileType = sourcecode.c.h; path = ReformerOntToMoreVC.h; sourceTree = "<group>"; };
		3768FCA81FE2541D00B229AC /* ReformerOntToMoreVC.m */ = {isa = PBXFileReference; lastKnownFileType = sourcecode.c.objc; path = ReformerOntToMoreVC.m; sourceTree = "<group>"; };
		3768FCAA1FE2645300B229AC /* 1.plist */ = {isa = PBXFileReference; lastKnownFileType = text.plist.xml; path = 1.plist; sourceTree = "<group>"; };
		3768FCAC1FE2645C00B229AC /* 2.plist */ = {isa = PBXFileReference; lastKnownFileType = text.plist.xml; path = 2.plist; sourceTree = "<group>"; };
		3768FCB91FE28B4300B229AC /* ABusinessManager.h */ = {isa = PBXFileReference; lastKnownFileType = sourcecode.c.h; path = ABusinessManager.h; sourceTree = "<group>"; };
		3768FCBA1FE28B4300B229AC /* ABusinessManager.m */ = {isa = PBXFileReference; lastKnownFileType = sourcecode.c.objc; path = ABusinessManager.m; sourceTree = "<group>"; };
		3768FCBC1FE28B4F00B229AC /* BBusinessManager.h */ = {isa = PBXFileReference; lastKnownFileType = sourcecode.c.h; path = BBusinessManager.h; sourceTree = "<group>"; };
		3768FCBD1FE28B4F00B229AC /* BBusinessManager.m */ = {isa = PBXFileReference; lastKnownFileType = sourcecode.c.objc; path = BBusinessManager.m; sourceTree = "<group>"; };
		3768FCBF1FE28C7200B229AC /* ReformerProtocol.h */ = {isa = PBXFileReference; lastKnownFileType = sourcecode.c.h; path = ReformerProtocol.h; sourceTree = "<group>"; };
		3768FCC01FE3C00E00B229AC /* ReformerKeys.h */ = {isa = PBXFileReference; lastKnownFileType = sourcecode.c.h; path = ReformerKeys.h; sourceTree = "<group>"; };
		3768FCC11FE3C27B00B229AC /* ARefomer.h */ = {isa = PBXFileReference; lastKnownFileType = sourcecode.c.h; path = ARefomer.h; sourceTree = "<group>"; };
		3768FCC21FE3C27B00B229AC /* ARefomer.m */ = {isa = PBXFileReference; lastKnownFileType = sourcecode.c.objc; path = ARefomer.m; sourceTree = "<group>"; };
		3777C58320108FF0001CD0B8 /* JDLog.h */ = {isa = PBXFileReference; lastKnownFileType = sourcecode.c.h; path = JDLog.h; sourceTree = "<group>"; };
		3777C58420108FF0001CD0B8 /* JDLog.m */ = {isa = PBXFileReference; lastKnownFileType = sourcecode.c.objc; path = JDLog.m; sourceTree = "<group>"; };
		3777C5862010A173001CD0B8 /* JDCustomFormatter.h */ = {isa = PBXFileReference; lastKnownFileType = sourcecode.c.h; path = JDCustomFormatter.h; sourceTree = "<group>"; };
		3777C5872010A173001CD0B8 /* JDCustomFormatter.m */ = {isa = PBXFileReference; lastKnownFileType = sourcecode.c.objc; path = JDCustomFormatter.m; sourceTree = "<group>"; };
		37D06B931FF1EF0D00E783AA /* FDTemplateLayoutCellVC.h */ = {isa = PBXFileReference; lastKnownFileType = sourcecode.c.h; path = FDTemplateLayoutCellVC.h; sourceTree = "<group>"; };
		37D06B941FF1EF0D00E783AA /* FDTemplateLayoutCellVC.m */ = {isa = PBXFileReference; lastKnownFileType = sourcecode.c.objc; path = FDTemplateLayoutCellVC.m; sourceTree = "<group>"; };
		37D44BD01FE7B721006CBD30 /* 3.plist */ = {isa = PBXFileReference; lastKnownFileType = text.plist.xml; path = 3.plist; sourceTree = "<group>"; };
		37D44BD21FE7B7AF006CBD30 /* V1Reformer.h */ = {isa = PBXFileReference; lastKnownFileType = sourcecode.c.h; path = V1Reformer.h; sourceTree = "<group>"; };
		37D44BD31FE7B7AF006CBD30 /* V1Reformer.m */ = {isa = PBXFileReference; lastKnownFileType = sourcecode.c.objc; path = V1Reformer.m; sourceTree = "<group>"; };
		37D44BD51FE7B7B8006CBD30 /* V2Reformer.h */ = {isa = PBXFileReference; lastKnownFileType = sourcecode.c.h; path = V2Reformer.h; sourceTree = "<group>"; };
		37D44BD61FE7B7B8006CBD30 /* V2Reformer.m */ = {isa = PBXFileReference; lastKnownFileType = sourcecode.c.objc; path = V2Reformer.m; sourceTree = "<group>"; };
		37D44BD81FE7B808006CBD30 /* ReformerKeysV1.h */ = {isa = PBXFileReference; lastKnownFileType = sourcecode.c.h; path = ReformerKeysV1.h; sourceTree = "<group>"; };
		37D44BD91FE7B810006CBD30 /* ReformerKeysV2.h */ = {isa = PBXFileReference; lastKnownFileType = sourcecode.c.h; path = ReformerKeysV2.h; sourceTree = "<group>"; };
		37D44BDA1FE7B848006CBD30 /* VBusinessManager.h */ = {isa = PBXFileReference; lastKnownFileType = sourcecode.c.h; path = VBusinessManager.h; sourceTree = "<group>"; };
		37D44BDB1FE7B848006CBD30 /* VBusinessManager.m */ = {isa = PBXFileReference; lastKnownFileType = sourcecode.c.objc; path = VBusinessManager.m; sourceTree = "<group>"; };
		37DEE2A41FDE878100E453A2 /* JDNetworkingDemoViewController.h */ = {isa = PBXFileReference; lastKnownFileType = sourcecode.c.h; path = JDNetworkingDemoViewController.h; sourceTree = "<group>"; };
		37DEE2A51FDE878100E453A2 /* JDNetworkingDemoViewController.m */ = {isa = PBXFileReference; lastKnownFileType = sourcecode.c.objc; path = JDNetworkingDemoViewController.m; sourceTree = "<group>"; };
		37DEE2AF1FDE9A6500E453A2 /* CTLoggerConfiguration.m */ = {isa = PBXFileReference; fileEncoding = 4; lastKnownFileType = sourcecode.c.objc; path = CTLoggerConfiguration.m; sourceTree = "<group>"; };
		37DEE2B01FDE9A6500E453A2 /* CTNetworkingConfiguration.plist */ = {isa = PBXFileReference; fileEncoding = 4; lastKnownFileType = text.plist.xml; path = CTNetworkingConfiguration.plist; sourceTree = "<group>"; };
		37DEE2B11FDE9A6500E453A2 /* CTNetworkingConfigurationManager.m */ = {isa = PBXFileReference; fileEncoding = 4; lastKnownFileType = sourcecode.c.objc; path = CTNetworkingConfigurationManager.m; sourceTree = "<group>"; };
		37DEE2B21FDE9A6500E453A2 /* CTLoggerConfiguration.h */ = {isa = PBXFileReference; fileEncoding = 4; lastKnownFileType = sourcecode.c.h; path = CTLoggerConfiguration.h; sourceTree = "<group>"; };
		37DEE2B31FDE9A6500E453A2 /* CTNetworkingConfigurationManager.h */ = {isa = PBXFileReference; fileEncoding = 4; lastKnownFileType = sourcecode.c.h; path = CTNetworkingConfigurationManager.h; sourceTree = "<group>"; };
		37DEE2B61FDE9A6500E453A2 /* CTLogger.h */ = {isa = PBXFileReference; fileEncoding = 4; lastKnownFileType = sourcecode.c.h; path = CTLogger.h; sourceTree = "<group>"; };
		37DEE2B71FDE9A6500E453A2 /* CTLogger.m */ = {isa = PBXFileReference; fileEncoding = 4; lastKnownFileType = sourcecode.c.objc; path = CTLogger.m; sourceTree = "<group>"; };
		37DEE2B91FDE9A6500E453A2 /* CTURLResponse.h */ = {isa = PBXFileReference; fileEncoding = 4; lastKnownFileType = sourcecode.c.h; path = CTURLResponse.h; sourceTree = "<group>"; };
		37DEE2BA1FDE9A6500E453A2 /* CTURLResponse.m */ = {isa = PBXFileReference; fileEncoding = 4; lastKnownFileType = sourcecode.c.objc; path = CTURLResponse.m; sourceTree = "<group>"; };
		37DEE2BC1FDE9A6500E453A2 /* CTAPIBaseManager.m */ = {isa = PBXFileReference; fileEncoding = 4; lastKnownFileType = sourcecode.c.objc; path = CTAPIBaseManager.m; sourceTree = "<group>"; };
		37DEE2BD1FDE9A6500E453A2 /* CTAPIBaseManager.h */ = {isa = PBXFileReference; fileEncoding = 4; lastKnownFileType = sourcecode.c.h; path = CTAPIBaseManager.h; sourceTree = "<group>"; };
		37DEE2BF1FDE9A6500E453A2 /* LGBaseAPICommand.m */ = {isa = PBXFileReference; fileEncoding = 4; lastKnownFileType = sourcecode.c.objc; path = LGBaseAPICommand.m; sourceTree = "<group>"; };
		37DEE2C01FDE9A6500E453A2 /* CLBasicCommand.h */ = {isa = PBXFileReference; fileEncoding = 4; lastKnownFileType = sourcecode.c.h; path = CLBasicCommand.h; sourceTree = "<group>"; };
		37DEE2C11FDE9A6500E453A2 /* LGBaseAPICommand.h */ = {isa = PBXFileReference; fileEncoding = 4; lastKnownFileType = sourcecode.c.h; path = LGBaseAPICommand.h; sourceTree = "<group>"; };
		37DEE2C21FDE9A6500E453A2 /* CLBasicCommand.m */ = {isa = PBXFileReference; fileEncoding = 4; lastKnownFileType = sourcecode.c.objc; path = CLBasicCommand.m; sourceTree = "<group>"; };
		37DEE2C41FDE9A6500E453A2 /* CTLocationManager.m */ = {isa = PBXFileReference; fileEncoding = 4; lastKnownFileType = sourcecode.c.objc; path = CTLocationManager.m; sourceTree = "<group>"; };
		37DEE2C51FDE9A6500E453A2 /* CTLocationManager.h */ = {isa = PBXFileReference; fileEncoding = 4; lastKnownFileType = sourcecode.c.h; path = CTLocationManager.h; sourceTree = "<group>"; };
		37DEE2C61FDE9A6500E453A2 /* iPhoneTypeDefine.plist */ = {isa = PBXFileReference; fileEncoding = 4; lastKnownFileType = text.plist.xml; path = iPhoneTypeDefine.plist; sourceTree = "<group>"; };
		37DEE2C81FDE9A6500E453A2 /* CTApiProxy.h */ = {isa = PBXFileReference; fileEncoding = 4; lastKnownFileType = sourcecode.c.h; path = CTApiProxy.h; sourceTree = "<group>"; };
		37DEE2C91FDE9A6500E453A2 /* CTApiProxy.m */ = {isa = PBXFileReference; fileEncoding = 4; lastKnownFileType = sourcecode.c.objc; path = CTApiProxy.m; sourceTree = "<group>"; };
		37DEE2CB1FDE9A6500E453A2 /* CTCache.m */ = {isa = PBXFileReference; fileEncoding = 4; lastKnownFileType = sourcecode.c.objc; path = CTCache.m; sourceTree = "<group>"; };
		37DEE2CC1FDE9A6500E453A2 /* CTCachedObject.m */ = {isa = PBXFileReference; fileEncoding = 4; lastKnownFileType = sourcecode.c.objc; path = CTCachedObject.m; sourceTree = "<group>"; };
		37DEE2CD1FDE9A6500E453A2 /* CTCache.h */ = {isa = PBXFileReference; fileEncoding = 4; lastKnownFileType = sourcecode.c.h; path = CTCache.h; sourceTree = "<group>"; };
		37DEE2CE1FDE9A6500E453A2 /* CTCachedObject.h */ = {isa = PBXFileReference; fileEncoding = 4; lastKnownFileType = sourcecode.c.h; path = CTCachedObject.h; sourceTree = "<group>"; };
		37DEE2D11FDE9A6500E453A2 /* CTRequestGenerator.m */ = {isa = PBXFileReference; fileEncoding = 4; lastKnownFileType = sourcecode.c.objc; path = CTRequestGenerator.m; sourceTree = "<group>"; };
		37DEE2D21FDE9A6500E453A2 /* CTRequestGenerator.h */ = {isa = PBXFileReference; fileEncoding = 4; lastKnownFileType = sourcecode.c.h; path = CTRequestGenerator.h; sourceTree = "<group>"; };
		37DEE2D41FDE9A6500E453A2 /* CTSignatureGenerator.m */ = {isa = PBXFileReference; fileEncoding = 4; lastKnownFileType = sourcecode.c.objc; path = CTSignatureGenerator.m; sourceTree = "<group>"; };
		37DEE2D51FDE9A6500E453A2 /* CTSignatureGenerator.h */ = {isa = PBXFileReference; fileEncoding = 4; lastKnownFileType = sourcecode.c.h; path = CTSignatureGenerator.h; sourceTree = "<group>"; };
		37DEE2D71FDE9A6500E453A2 /* CTCommonParamsGenerator.h */ = {isa = PBXFileReference; fileEncoding = 4; lastKnownFileType = sourcecode.c.h; path = CTCommonParamsGenerator.h; sourceTree = "<group>"; };
		37DEE2D81FDE9A6500E453A2 /* CTCommonParamsGenerator.m */ = {isa = PBXFileReference; fileEncoding = 4; lastKnownFileType = sourcecode.c.objc; path = CTCommonParamsGenerator.m; sourceTree = "<group>"; };
		37DEE2D91FDE9A6500E453A2 /* CTNetworking.h */ = {isa = PBXFileReference; fileEncoding = 4; lastKnownFileType = sourcecode.c.h; path = CTNetworking.h; sourceTree = "<group>"; };
		37DEE2DB1FDE9A6500E453A2 /* NSObject+CTNetworkingMethods.h */ = {isa = PBXFileReference; fileEncoding = 4; lastKnownFileType = sourcecode.c.h; path = "NSObject+CTNetworkingMethods.h"; sourceTree = "<group>"; };
		37DEE2DC1FDE9A6500E453A2 /* NSURLRequest+CTNetworkingMethods.h */ = {isa = PBXFileReference; fileEncoding = 4; lastKnownFileType = sourcecode.c.h; path = "NSURLRequest+CTNetworkingMethods.h"; sourceTree = "<group>"; };
		37DEE2DD1FDE9A6500E453A2 /* NSMutableString+CTNetworkingMethods.h */ = {isa = PBXFileReference; fileEncoding = 4; lastKnownFileType = sourcecode.c.h; path = "NSMutableString+CTNetworkingMethods.h"; sourceTree = "<group>"; };
		37DEE2DE1FDE9A6500E453A2 /* NSDictionary+CTNetworkingMethods.h */ = {isa = PBXFileReference; fileEncoding = 4; lastKnownFileType = sourcecode.c.h; path = "NSDictionary+CTNetworkingMethods.h"; sourceTree = "<group>"; };
		37DEE2DF1FDE9A6500E453A2 /* NSString+CTNetworkingMethods.h */ = {isa = PBXFileReference; fileEncoding = 4; lastKnownFileType = sourcecode.c.h; path = "NSString+CTNetworkingMethods.h"; sourceTree = "<group>"; };
		37DEE2E01FDE9A6500E453A2 /* NSArray+CTNetworkingMethods.h */ = {isa = PBXFileReference; fileEncoding = 4; lastKnownFileType = sourcecode.c.h; path = "NSArray+CTNetworkingMethods.h"; sourceTree = "<group>"; };
		37DEE2E11FDE9A6500E453A2 /* UIDevice+CTNetworkingMethods.h */ = {isa = PBXFileReference; fileEncoding = 4; lastKnownFileType = sourcecode.c.h; path = "UIDevice+CTNetworkingMethods.h"; sourceTree = "<group>"; };
		37DEE2E21FDE9A6500E453A2 /* NSURLRequest+CTNetworkingMethods.m */ = {isa = PBXFileReference; fileEncoding = 4; lastKnownFileType = sourcecode.c.objc; path = "NSURLRequest+CTNetworkingMethods.m"; sourceTree = "<group>"; };
		37DEE2E31FDE9A6500E453A2 /* NSObject+CTNetworkingMethods.m */ = {isa = PBXFileReference; fileEncoding = 4; lastKnownFileType = sourcecode.c.objc; path = "NSObject+CTNetworkingMethods.m"; sourceTree = "<group>"; };
		37DEE2E41FDE9A6500E453A2 /* NSString+CTNetworkingMethods.m */ = {isa = PBXFileReference; fileEncoding = 4; lastKnownFileType = sourcecode.c.objc; path = "NSString+CTNetworkingMethods.m"; sourceTree = "<group>"; };
		37DEE2E51FDE9A6500E453A2 /* NSArray+CTNetworkingMethods.m */ = {isa = PBXFileReference; fileEncoding = 4; lastKnownFileType = sourcecode.c.objc; path = "NSArray+CTNetworkingMethods.m"; sourceTree = "<group>"; };
		37DEE2E61FDE9A6500E453A2 /* NSDictionary+CTNetworkingMethods.m */ = {isa = PBXFileReference; fileEncoding = 4; lastKnownFileType = sourcecode.c.objc; path = "NSDictionary+CTNetworkingMethods.m"; sourceTree = "<group>"; };
		37DEE2E71FDE9A6500E453A2 /* NSMutableString+CTNetworkingMethods.m */ = {isa = PBXFileReference; fileEncoding = 4; lastKnownFileType = sourcecode.c.objc; path = "NSMutableString+CTNetworkingMethods.m"; sourceTree = "<group>"; };
		37DEE2E81FDE9A6500E453A2 /* UIDevice+CTNetworkingMethods.m */ = {isa = PBXFileReference; fileEncoding = 4; lastKnownFileType = sourcecode.c.objc; path = "UIDevice+CTNetworkingMethods.m"; sourceTree = "<group>"; };
		37DEE2EA1FDE9A6500E453A2 /* CTServiceFactory.h */ = {isa = PBXFileReference; fileEncoding = 4; lastKnownFileType = sourcecode.c.h; path = CTServiceFactory.h; sourceTree = "<group>"; };
		37DEE2EB1FDE9A6500E453A2 /* CTService.m */ = {isa = PBXFileReference; fileEncoding = 4; lastKnownFileType = sourcecode.c.objc; path = CTService.m; sourceTree = "<group>"; };
		37DEE2EC1FDE9A6500E453A2 /* CTServiceFactory.m */ = {isa = PBXFileReference; fileEncoding = 4; lastKnownFileType = sourcecode.c.objc; path = CTServiceFactory.m; sourceTree = "<group>"; };
		37DEE2ED1FDE9A6500E453A2 /* CTService.h */ = {isa = PBXFileReference; fileEncoding = 4; lastKnownFileType = sourcecode.c.h; path = CTService.h; sourceTree = "<group>"; };
		37FE64B31FDE83D100937623 /* JDComponents.app */ = {isa = PBXFileReference; explicitFileType = wrapper.application; includeInIndex = 0; path = JDComponents.app; sourceTree = BUILT_PRODUCTS_DIR; };
		37FE64B61FDE83D100937623 /* AppDelegate.h */ = {isa = PBXFileReference; lastKnownFileType = sourcecode.c.h; path = AppDelegate.h; sourceTree = "<group>"; };
		37FE64B71FDE83D100937623 /* AppDelegate.m */ = {isa = PBXFileReference; lastKnownFileType = sourcecode.c.objc; path = AppDelegate.m; sourceTree = "<group>"; };
		37FE64B91FDE83D100937623 /* ViewController.h */ = {isa = PBXFileReference; lastKnownFileType = sourcecode.c.h; path = ViewController.h; sourceTree = "<group>"; };
		37FE64BA1FDE83D100937623 /* ViewController.m */ = {isa = PBXFileReference; lastKnownFileType = sourcecode.c.objc; path = ViewController.m; sourceTree = "<group>"; };
		37FE64BD1FDE83D100937623 /* Base */ = {isa = PBXFileReference; lastKnownFileType = file.storyboard; name = Base; path = Base.lproj/Main.storyboard; sourceTree = "<group>"; };
		37FE64BF1FDE83D100937623 /* Assets.xcassets */ = {isa = PBXFileReference; lastKnownFileType = folder.assetcatalog; path = Assets.xcassets; sourceTree = "<group>"; };
		37FE64C21FDE83D100937623 /* Base */ = {isa = PBXFileReference; lastKnownFileType = file.storyboard; name = Base; path = Base.lproj/LaunchScreen.storyboard; sourceTree = "<group>"; };
		37FE64C41FDE83D100937623 /* Info.plist */ = {isa = PBXFileReference; lastKnownFileType = text.plist.xml; path = Info.plist; sourceTree = "<group>"; };
		37FE64C51FDE83D100937623 /* main.m */ = {isa = PBXFileReference; lastKnownFileType = sourcecode.c.objc; path = main.m; sourceTree = "<group>"; };
		A98F54C7BB4EA4E550CB607E /* Pods_JDComponents.framework */ = {isa = PBXFileReference; explicitFileType = wrapper.framework; includeInIndex = 0; path = Pods_JDComponents.framework; sourceTree = BUILT_PRODUCTS_DIR; };
		DEA55867FCCDF1CC25178AEF /* Pods-JDComponents.debug.xcconfig */ = {isa = PBXFileReference; includeInIndex = 1; lastKnownFileType = text.xcconfig; name = "Pods-JDComponents.debug.xcconfig"; path = "Pods/Target Support Files/Pods-JDComponents/Pods-JDComponents.debug.xcconfig"; sourceTree = "<group>"; };
		E9D86EE9AC265C05EA3FD94B /* Pods-JDComponents.release.xcconfig */ = {isa = PBXFileReference; includeInIndex = 1; lastKnownFileType = text.xcconfig; name = "Pods-JDComponents.release.xcconfig"; path = "Pods/Target Support Files/Pods-JDComponents/Pods-JDComponents.release.xcconfig"; sourceTree = "<group>"; };
/* End PBXFileReference section */

/* Begin PBXFrameworksBuildPhase section */
		37FE64B01FDE83D100937623 /* Frameworks */ = {
			isa = PBXFrameworksBuildPhase;
			buildActionMask = 2147483647;
			files = (
				84F88FC1EE9DE7D18B356768 /* Pods_JDComponents.framework in Frameworks */,
			);
			runOnlyForDeploymentPostprocessing = 0;
		};
/* End PBXFrameworksBuildPhase section */

/* Begin PBXGroup section */
		0B3F4FCCD5CB7920C76397CA /* Pods */ = {
			isa = PBXGroup;
			children = (
				DEA55867FCCDF1CC25178AEF /* Pods-JDComponents.debug.xcconfig */,
				E9D86EE9AC265C05EA3FD94B /* Pods-JDComponents.release.xcconfig */,
			);
			name = Pods;
			sourceTree = "<group>";
		};
		3710B2E21FE9205C003F2A40 /* CocoaLumberjackDemo */ = {
			isa = PBXGroup;
			children = (
				3710B2E31FE9205C003F2A40 /* CLLoggerVC.h */,
				3710B2E41FE9205C003F2A40 /* CLLoggerVC.m */,
				3777C58320108FF0001CD0B8 /* JDLog.h */,
				3777C58420108FF0001CD0B8 /* JDLog.m */,
				3777C5862010A173001CD0B8 /* JDCustomFormatter.h */,
				3777C5872010A173001CD0B8 /* JDCustomFormatter.m */,
			);
			path = CocoaLumberjackDemo;
			sourceTree = "<group>";
		};
		3768FC911FE22B9D00B229AC /* ReformerDemo */ = {
			isa = PBXGroup;
			children = (
				3768FCC51FE3C83F00B229AC /* OneToMore */,
				3768FCC41FE3C82200B229AC /* MoreToOne */,
			);
			path = ReformerDemo;
			sourceTree = "<group>";
		};
		3768FC921FE22B9D00B229AC /* YTKNetworkingDemo */ = {
			isa = PBXGroup;
			children = (
				3768FC931FE22B9D00B229AC /* YTKNetworkingVC.m */,
				3768FC941FE22B9D00B229AC /* RegisterApi.m */,
				3768FC951FE22B9D00B229AC /* YTKNetworkingVC.h */,
				3768FC961FE22B9D00B229AC /* RegisterApi.h */,
			);
			path = YTKNetworkingDemo;
			sourceTree = "<group>";
		};
		3768FC971FE22B9D00B229AC /* CTNetworkingDemo */ = {
			isa = PBXGroup;
			children = (
				3768FC981FE22B9D00B229AC /* RTNetworkingVC.h */,
				3768FC991FE22B9D00B229AC /* RTNetworkingVC.m */,
			);
			path = CTNetworkingDemo;
			sourceTree = "<group>";
		};
		3768FCC41FE3C82200B229AC /* MoreToOne */ = {
			isa = PBXGroup;
			children = (
				3768FCA41FE2541100B229AC /* ReformerMoreToOneVC.h */,
				3768FCA51FE2541100B229AC /* ReformerMoreToOneVC.m */,
				3768FCAA1FE2645300B229AC /* 1.plist */,
				3768FCAC1FE2645C00B229AC /* 2.plist */,
				3768FCC11FE3C27B00B229AC /* ARefomer.h */,
				3768FCC21FE3C27B00B229AC /* ARefomer.m */,
				3768FCC01FE3C00E00B229AC /* ReformerKeys.h */,
				3768FCB91FE28B4300B229AC /* ABusinessManager.h */,
				3768FCBA1FE28B4300B229AC /* ABusinessManager.m */,
				3768FCBC1FE28B4F00B229AC /* BBusinessManager.h */,
				3768FCBD1FE28B4F00B229AC /* BBusinessManager.m */,
				3768FCBF1FE28C7200B229AC /* ReformerProtocol.h */,
			);
			path = MoreToOne;
			sourceTree = "<group>";
		};
		3768FCC51FE3C83F00B229AC /* OneToMore */ = {
			isa = PBXGroup;
			children = (
				3768FCA71FE2541D00B229AC /* ReformerOntToMoreVC.h */,
				3768FCA81FE2541D00B229AC /* ReformerOntToMoreVC.m */,
				37D44BD01FE7B721006CBD30 /* 3.plist */,
				37D44BD21FE7B7AF006CBD30 /* V1Reformer.h */,
				37D44BD31FE7B7AF006CBD30 /* V1Reformer.m */,
				37D44BD51FE7B7B8006CBD30 /* V2Reformer.h */,
				37D44BD61FE7B7B8006CBD30 /* V2Reformer.m */,
				37D44BD81FE7B808006CBD30 /* ReformerKeysV1.h */,
				37D44BD91FE7B810006CBD30 /* ReformerKeysV2.h */,
				37D44BDA1FE7B848006CBD30 /* VBusinessManager.h */,
				37D44BDB1FE7B848006CBD30 /* VBusinessManager.m */,
			);
			path = OneToMore;
			sourceTree = "<group>";
		};
		37D06B921FF1EEED00E783AA /* UITableView_FDTemplateLayoutCellDemo */ = {
			isa = PBXGroup;
			children = (
				37D06B931FF1EF0D00E783AA /* FDTemplateLayoutCellVC.h */,
				37D06B941FF1EF0D00E783AA /* FDTemplateLayoutCellVC.m */,
			);
			path = UITableView_FDTemplateLayoutCellDemo;
			sourceTree = "<group>";
		};
		37DEE2A31FDE85E900E453A2 /* JDNetworkingDemo */ = {
			isa = PBXGroup;
			children = (
				3768FC971FE22B9D00B229AC /* CTNetworkingDemo */,
				3768FC911FE22B9D00B229AC /* ReformerDemo */,
				3768FC921FE22B9D00B229AC /* YTKNetworkingDemo */,
				37DEE2AD1FDE9A6500E453A2 /* CTNetworking */,
				37DEE2A41FDE878100E453A2 /* JDNetworkingDemoViewController.h */,
				37DEE2A51FDE878100E453A2 /* JDNetworkingDemoViewController.m */,
			);
			path = JDNetworkingDemo;
			sourceTree = "<group>";
		};
		37DEE2AD1FDE9A6500E453A2 /* CTNetworking */ = {
			isa = PBXGroup;
			children = (
				37DEE2AE1FDE9A6500E453A2 /* Configurations */,
				37DEE2B41FDE9A6500E453A2 /* Components */,
				37DEE2CF1FDE9A6500E453A2 /* Generators */,
				37DEE2D91FDE9A6500E453A2 /* CTNetworking.h */,
				37DEE2DA1FDE9A6500E453A2 /* Categories */,
				37DEE2E91FDE9A6500E453A2 /* Services */,
			);
			path = CTNetworking;
			sourceTree = "<group>";
		};
		37DEE2AE1FDE9A6500E453A2 /* Configurations */ = {
			isa = PBXGroup;
			children = (
				37DEE2AF1FDE9A6500E453A2 /* CTLoggerConfiguration.m */,
				37DEE2B01FDE9A6500E453A2 /* CTNetworkingConfiguration.plist */,
				37DEE2B11FDE9A6500E453A2 /* CTNetworkingConfigurationManager.m */,
				37DEE2B21FDE9A6500E453A2 /* CTLoggerConfiguration.h */,
				37DEE2B31FDE9A6500E453A2 /* CTNetworkingConfigurationManager.h */,
			);
			path = Configurations;
			sourceTree = "<group>";
		};
		37DEE2B41FDE9A6500E453A2 /* Components */ = {
			isa = PBXGroup;
			children = (
				37DEE2B51FDE9A6500E453A2 /* LogComponents */,
				37DEE2B81FDE9A6500E453A2 /* URLResponse */,
				37DEE2BB1FDE9A6500E453A2 /* BaseAPIManager */,
				37DEE2BE1FDE9A6500E453A2 /* Command */,
				37DEE2C31FDE9A6500E453A2 /* LocationManager */,
				37DEE2C61FDE9A6500E453A2 /* iPhoneTypeDefine.plist */,
				37DEE2C71FDE9A6500E453A2 /* APIProxy */,
				37DEE2CA1FDE9A6500E453A2 /* CacheComponents */,
			);
			path = Components;
			sourceTree = "<group>";
		};
		37DEE2B51FDE9A6500E453A2 /* LogComponents */ = {
			isa = PBXGroup;
			children = (
				37DEE2B61FDE9A6500E453A2 /* CTLogger.h */,
				37DEE2B71FDE9A6500E453A2 /* CTLogger.m */,
			);
			path = LogComponents;
			sourceTree = "<group>";
		};
		37DEE2B81FDE9A6500E453A2 /* URLResponse */ = {
			isa = PBXGroup;
			children = (
				37DEE2B91FDE9A6500E453A2 /* CTURLResponse.h */,
				37DEE2BA1FDE9A6500E453A2 /* CTURLResponse.m */,
			);
			path = URLResponse;
			sourceTree = "<group>";
		};
		37DEE2BB1FDE9A6500E453A2 /* BaseAPIManager */ = {
			isa = PBXGroup;
			children = (
				37DEE2BC1FDE9A6500E453A2 /* CTAPIBaseManager.m */,
				37DEE2BD1FDE9A6500E453A2 /* CTAPIBaseManager.h */,
			);
			path = BaseAPIManager;
			sourceTree = "<group>";
		};
		37DEE2BE1FDE9A6500E453A2 /* Command */ = {
			isa = PBXGroup;
			children = (
				37DEE2BF1FDE9A6500E453A2 /* LGBaseAPICommand.m */,
				37DEE2C01FDE9A6500E453A2 /* CLBasicCommand.h */,
				37DEE2C11FDE9A6500E453A2 /* LGBaseAPICommand.h */,
				37DEE2C21FDE9A6500E453A2 /* CLBasicCommand.m */,
			);
			path = Command;
			sourceTree = "<group>";
		};
		37DEE2C31FDE9A6500E453A2 /* LocationManager */ = {
			isa = PBXGroup;
			children = (
				37DEE2C41FDE9A6500E453A2 /* CTLocationManager.m */,
				37DEE2C51FDE9A6500E453A2 /* CTLocationManager.h */,
			);
			path = LocationManager;
			sourceTree = "<group>";
		};
		37DEE2C71FDE9A6500E453A2 /* APIProxy */ = {
			isa = PBXGroup;
			children = (
				37DEE2C81FDE9A6500E453A2 /* CTApiProxy.h */,
				37DEE2C91FDE9A6500E453A2 /* CTApiProxy.m */,
			);
			path = APIProxy;
			sourceTree = "<group>";
		};
		37DEE2CA1FDE9A6500E453A2 /* CacheComponents */ = {
			isa = PBXGroup;
			children = (
				37DEE2CB1FDE9A6500E453A2 /* CTCache.m */,
				37DEE2CC1FDE9A6500E453A2 /* CTCachedObject.m */,
				37DEE2CD1FDE9A6500E453A2 /* CTCache.h */,
				37DEE2CE1FDE9A6500E453A2 /* CTCachedObject.h */,
			);
			path = CacheComponents;
			sourceTree = "<group>";
		};
		37DEE2CF1FDE9A6500E453A2 /* Generators */ = {
			isa = PBXGroup;
			children = (
				37DEE2D01FDE9A6500E453A2 /* RequestGenerator */,
				37DEE2D31FDE9A6500E453A2 /* SignatureGenerator */,
				37DEE2D61FDE9A6500E453A2 /* CommonParamsGenerator */,
			);
			path = Generators;
			sourceTree = "<group>";
		};
		37DEE2D01FDE9A6500E453A2 /* RequestGenerator */ = {
			isa = PBXGroup;
			children = (
				37DEE2D11FDE9A6500E453A2 /* CTRequestGenerator.m */,
				37DEE2D21FDE9A6500E453A2 /* CTRequestGenerator.h */,
			);
			path = RequestGenerator;
			sourceTree = "<group>";
		};
		37DEE2D31FDE9A6500E453A2 /* SignatureGenerator */ = {
			isa = PBXGroup;
			children = (
				37DEE2D41FDE9A6500E453A2 /* CTSignatureGenerator.m */,
				37DEE2D51FDE9A6500E453A2 /* CTSignatureGenerator.h */,
			);
			path = SignatureGenerator;
			sourceTree = "<group>";
		};
		37DEE2D61FDE9A6500E453A2 /* CommonParamsGenerator */ = {
			isa = PBXGroup;
			children = (
				37DEE2D71FDE9A6500E453A2 /* CTCommonParamsGenerator.h */,
				37DEE2D81FDE9A6500E453A2 /* CTCommonParamsGenerator.m */,
			);
			path = CommonParamsGenerator;
			sourceTree = "<group>";
		};
		37DEE2DA1FDE9A6500E453A2 /* Categories */ = {
			isa = PBXGroup;
			children = (
				37DEE2DB1FDE9A6500E453A2 /* NSObject+CTNetworkingMethods.h */,
				37DEE2DC1FDE9A6500E453A2 /* NSURLRequest+CTNetworkingMethods.h */,
				37DEE2DD1FDE9A6500E453A2 /* NSMutableString+CTNetworkingMethods.h */,
				37DEE2DE1FDE9A6500E453A2 /* NSDictionary+CTNetworkingMethods.h */,
				37DEE2DF1FDE9A6500E453A2 /* NSString+CTNetworkingMethods.h */,
				37DEE2E01FDE9A6500E453A2 /* NSArray+CTNetworkingMethods.h */,
				37DEE2E11FDE9A6500E453A2 /* UIDevice+CTNetworkingMethods.h */,
				37DEE2E21FDE9A6500E453A2 /* NSURLRequest+CTNetworkingMethods.m */,
				37DEE2E31FDE9A6500E453A2 /* NSObject+CTNetworkingMethods.m */,
				37DEE2E41FDE9A6500E453A2 /* NSString+CTNetworkingMethods.m */,
				37DEE2E51FDE9A6500E453A2 /* NSArray+CTNetworkingMethods.m */,
				37DEE2E61FDE9A6500E453A2 /* NSDictionary+CTNetworkingMethods.m */,
				37DEE2E71FDE9A6500E453A2 /* NSMutableString+CTNetworkingMethods.m */,
				37DEE2E81FDE9A6500E453A2 /* UIDevice+CTNetworkingMethods.m */,
			);
			path = Categories;
			sourceTree = "<group>";
		};
		37DEE2E91FDE9A6500E453A2 /* Services */ = {
			isa = PBXGroup;
			children = (
				37DEE2EA1FDE9A6500E453A2 /* CTServiceFactory.h */,
				37DEE2EB1FDE9A6500E453A2 /* CTService.m */,
				37DEE2EC1FDE9A6500E453A2 /* CTServiceFactory.m */,
				37DEE2ED1FDE9A6500E453A2 /* CTService.h */,
			);
			path = Services;
			sourceTree = "<group>";
		};
		37FE64AA1FDE83D100937623 = {
			isa = PBXGroup;
			children = (
				37FE64B51FDE83D100937623 /* JDComponents */,
				37FE64B41FDE83D100937623 /* Products */,
				0B3F4FCCD5CB7920C76397CA /* Pods */,
				637FFB9E69EB7CB88883AF5E /* Frameworks */,
			);
			sourceTree = "<group>";
		};
		37FE64B41FDE83D100937623 /* Products */ = {
			isa = PBXGroup;
			children = (
				37FE64B31FDE83D100937623 /* JDComponents.app */,
			);
			name = Products;
			sourceTree = "<group>";
		};
		37FE64B51FDE83D100937623 /* JDComponents */ = {
			isa = PBXGroup;
			children = (
				37D06B921FF1EEED00E783AA /* UITableView_FDTemplateLayoutCellDemo */,
				3710B2E21FE9205C003F2A40 /* CocoaLumberjackDemo */,
				37DEE2A31FDE85E900E453A2 /* JDNetworkingDemo */,
				37FE64B61FDE83D100937623 /* AppDelegate.h */,
				37FE64B71FDE83D100937623 /* AppDelegate.m */,
				37FE64B91FDE83D100937623 /* ViewController.h */,
				37FE64BA1FDE83D100937623 /* ViewController.m */,
				37FE64BC1FDE83D100937623 /* Main.storyboard */,
				37FE64BF1FDE83D100937623 /* Assets.xcassets */,
				37FE64C11FDE83D100937623 /* LaunchScreen.storyboard */,
				37FE64C41FDE83D100937623 /* Info.plist */,
				37FE64C51FDE83D100937623 /* main.m */,
			);
			path = JDComponents;
			sourceTree = "<group>";
		};
		637FFB9E69EB7CB88883AF5E /* Frameworks */ = {
			isa = PBXGroup;
			children = (
				A98F54C7BB4EA4E550CB607E /* Pods_JDComponents.framework */,
			);
			name = Frameworks;
			sourceTree = "<group>";
		};
/* End PBXGroup section */

/* Begin PBXNativeTarget section */
		37FE64B21FDE83D100937623 /* JDComponents */ = {
			isa = PBXNativeTarget;
			buildConfigurationList = 37FE64C91FDE83D100937623 /* Build configuration list for PBXNativeTarget "JDComponents" */;
			buildPhases = (
				4CDDF8F515FA485C48008EA9 /* [CP] Check Pods Manifest.lock */,
				37FE64AF1FDE83D100937623 /* Sources */,
				37FE64B01FDE83D100937623 /* Frameworks */,
				37FE64B11FDE83D100937623 /* Resources */,
				C37DF3F7680D124FDE803979 /* [CP] Embed Pods Frameworks */,
				34FCB33CD5463F4ECCEE8306 /* [CP] Copy Pods Resources */,
			);
			buildRules = (
			);
			dependencies = (
			);
			name = JDComponents;
			productName = JDComponents;
			productReference = 37FE64B31FDE83D100937623 /* JDComponents.app */;
			productType = "com.apple.product-type.application";
		};
/* End PBXNativeTarget section */

/* Begin PBXProject section */
		37FE64AB1FDE83D100937623 /* Project object */ = {
			isa = PBXProject;
			attributes = {
				LastUpgradeCheck = 0920;
				ORGANIZATIONNAME = lcjingdi;
				TargetAttributes = {
					37FE64B21FDE83D100937623 = {
						CreatedOnToolsVersion = 9.2;
						ProvisioningStyle = Automatic;
					};
				};
			};
			buildConfigurationList = 37FE64AE1FDE83D100937623 /* Build configuration list for PBXProject "JDComponents" */;
			compatibilityVersion = "Xcode 8.0";
			developmentRegion = en;
			hasScannedForEncodings = 0;
			knownRegions = (
				en,
				Base,
			);
			mainGroup = 37FE64AA1FDE83D100937623;
			productRefGroup = 37FE64B41FDE83D100937623 /* Products */;
			projectDirPath = "";
			projectRoot = "";
			targets = (
				37FE64B21FDE83D100937623 /* JDComponents */,
			);
		};
/* End PBXProject section */

/* Begin PBXResourcesBuildPhase section */
		37FE64B11FDE83D100937623 /* Resources */ = {
			isa = PBXResourcesBuildPhase;
			buildActionMask = 2147483647;
			files = (
				3768FCAB1FE2645300B229AC /* 1.plist in Resources */,
				37DEE2EF1FDE9A6500E453A2 /* CTNetworkingConfiguration.plist in Resources */,
				37DEE2F71FDE9A6500E453A2 /* iPhoneTypeDefine.plist in Resources */,
				3768FCAD1FE2645C00B229AC /* 2.plist in Resources */,
				37D44BD11FE7B721006CBD30 /* 3.plist in Resources */,
				37FE64C31FDE83D100937623 /* LaunchScreen.storyboard in Resources */,
				37FE64C01FDE83D100937623 /* Assets.xcassets in Resources */,
				37FE64BE1FDE83D100937623 /* Main.storyboard in Resources */,
			);
			runOnlyForDeploymentPostprocessing = 0;
		};
/* End PBXResourcesBuildPhase section */

/* Begin PBXShellScriptBuildPhase section */
		34FCB33CD5463F4ECCEE8306 /* [CP] Copy Pods Resources */ = {
			isa = PBXShellScriptBuildPhase;
			buildActionMask = 2147483647;
			files = (
			);
			inputPaths = (
			);
			name = "[CP] Copy Pods Resources";
			outputPaths = (
			);
			runOnlyForDeploymentPostprocessing = 0;
			shellPath = /bin/sh;
			shellScript = "\"${SRCROOT}/Pods/Target Support Files/Pods-JDComponents/Pods-JDComponents-resources.sh\"\n";
			showEnvVarsInLog = 0;
		};
		4CDDF8F515FA485C48008EA9 /* [CP] Check Pods Manifest.lock */ = {
			isa = PBXShellScriptBuildPhase;
			buildActionMask = 2147483647;
			files = (
			);
			inputPaths = (
				"${PODS_PODFILE_DIR_PATH}/Podfile.lock",
				"${PODS_ROOT}/Manifest.lock",
			);
			name = "[CP] Check Pods Manifest.lock";
			outputPaths = (
				"$(DERIVED_FILE_DIR)/Pods-JDComponents-checkManifestLockResult.txt",
			);
			runOnlyForDeploymentPostprocessing = 0;
			shellPath = /bin/sh;
			shellScript = "diff \"${PODS_PODFILE_DIR_PATH}/Podfile.lock\" \"${PODS_ROOT}/Manifest.lock\" > /dev/null\nif [ $? != 0 ] ; then\n    # print error to STDERR\n    echo \"error: The sandbox is not in sync with the Podfile.lock. Run 'pod install' or update your CocoaPods installation.\" >&2\n    exit 1\nfi\n# This output is used by Xcode 'outputs' to avoid re-running this script phase.\necho \"SUCCESS\" > \"${SCRIPT_OUTPUT_FILE_0}\"\n";
			showEnvVarsInLog = 0;
		};
		C37DF3F7680D124FDE803979 /* [CP] Embed Pods Frameworks */ = {
			isa = PBXShellScriptBuildPhase;
			buildActionMask = 2147483647;
			files = (
			);
			inputPaths = (
				"${SRCROOT}/Pods/Target Support Files/Pods-JDComponents/Pods-JDComponents-frameworks.sh",
				"${BUILT_PRODUCTS_DIR}/AFNetworking/AFNetworking.framework",
				"${BUILT_PRODUCTS_DIR}/CocoaLumberjack/CocoaLumberjack.framework",
				"${BUILT_PRODUCTS_DIR}/FDTemplateLayoutCell/FDTemplateLayoutCell.framework",
				"${BUILT_PRODUCTS_DIR}/HandyFrame/HandyFrame.framework",
				"${BUILT_PRODUCTS_DIR}/YTKNetwork/YTKNetwork.framework",
			);
			name = "[CP] Embed Pods Frameworks";
			outputPaths = (
				"${TARGET_BUILD_DIR}/${FRAMEWORKS_FOLDER_PATH}/AFNetworking.framework",
				"${TARGET_BUILD_DIR}/${FRAMEWORKS_FOLDER_PATH}/CocoaLumberjack.framework",
				"${TARGET_BUILD_DIR}/${FRAMEWORKS_FOLDER_PATH}/FDTemplateLayoutCell.framework",
				"${TARGET_BUILD_DIR}/${FRAMEWORKS_FOLDER_PATH}/HandyFrame.framework",
				"${TARGET_BUILD_DIR}/${FRAMEWORKS_FOLDER_PATH}/YTKNetwork.framework",
			);
			runOnlyForDeploymentPostprocessing = 0;
			shellPath = /bin/sh;
			shellScript = "\"${SRCROOT}/Pods/Target Support Files/Pods-JDComponents/Pods-JDComponents-frameworks.sh\"\n";
			showEnvVarsInLog = 0;
		};
/* End PBXShellScriptBuildPhase section */

/* Begin PBXSourcesBuildPhase section */
		37FE64AF1FDE83D100937623 /* Sources */ = {
			isa = PBXSourcesBuildPhase;
			buildActionMask = 2147483647;
			files = (
				37DEE2FC1FDE9A6500E453A2 /* CTSignatureGenerator.m in Sources */,
				37DEE3041FDE9A6500E453A2 /* UIDevice+CTNetworkingMethods.m in Sources */,
				37DEE2F81FDE9A6500E453A2 /* CTApiProxy.m in Sources */,
				37DEE2FE1FDE9A6500E453A2 /* NSURLRequest+CTNetworkingMethods.m in Sources */,
				37DEE2F41FDE9A6500E453A2 /* LGBaseAPICommand.m in Sources */,
				3768FCBB1FE28B4300B229AC /* ABusinessManager.m in Sources */,
				37DEE3031FDE9A6500E453A2 /* NSMutableString+CTNetworkingMethods.m in Sources */,
				37DEE2FD1FDE9A6500E453A2 /* CTCommonParamsGenerator.m in Sources */,
				3768FCA61FE2541100B229AC /* ReformerMoreToOneVC.m in Sources */,
				3710B2E51FE9205C003F2A40 /* CLLoggerVC.m in Sources */,
				37DEE2F51FDE9A6500E453A2 /* CLBasicCommand.m in Sources */,
				37FE64BB1FDE83D100937623 /* ViewController.m in Sources */,
				3768FCC31FE3C27B00B229AC /* ARefomer.m in Sources */,
				37FE64C61FDE83D100937623 /* main.m in Sources */,
				37DEE2A61FDE878100E453A2 /* JDNetworkingDemoViewController.m in Sources */,
				3768FC9B1FE22B9D00B229AC /* RegisterApi.m in Sources */,
				37D06B951FF1EF0D00E783AA /* FDTemplateLayoutCellVC.m in Sources */,
				3768FC9C1FE22B9D00B229AC /* RTNetworkingVC.m in Sources */,
				3768FCA91FE2541D00B229AC /* ReformerOntToMoreVC.m in Sources */,
				37DEE2F01FDE9A6500E453A2 /* CTNetworkingConfigurationManager.m in Sources */,
				37DEE2FF1FDE9A6500E453A2 /* NSObject+CTNetworkingMethods.m in Sources */,
				3768FC9A1FE22B9D00B229AC /* YTKNetworkingVC.m in Sources */,
				37D44BD41FE7B7AF006CBD30 /* V1Reformer.m in Sources */,
				37DEE3021FDE9A6500E453A2 /* NSDictionary+CTNetworkingMethods.m in Sources */,
				37FE64B81FDE83D100937623 /* AppDelegate.m in Sources */,
				37DEE2EE1FDE9A6500E453A2 /* CTLoggerConfiguration.m in Sources */,
				37DEE3011FDE9A6500E453A2 /* NSArray+CTNetworkingMethods.m in Sources */,
				37DEE3061FDE9A6500E453A2 /* CTServiceFactory.m in Sources */,
				37D44BDC1FE7B848006CBD30 /* VBusinessManager.m in Sources */,
				37DEE3001FDE9A6500E453A2 /* NSString+CTNetworkingMethods.m in Sources */,
				37DEE2F61FDE9A6500E453A2 /* CTLocationManager.m in Sources */,
				37DEE2F31FDE9A6500E453A2 /* CTAPIBaseManager.m in Sources */,
				37DEE2F11FDE9A6500E453A2 /* CTLogger.m in Sources */,
				37DEE2FB1FDE9A6500E453A2 /* CTRequestGenerator.m in Sources */,
				37DEE2FA1FDE9A6500E453A2 /* CTCachedObject.m in Sources */,
				37DEE2F21FDE9A6500E453A2 /* CTURLResponse.m in Sources */,
				37DEE3051FDE9A6500E453A2 /* CTService.m in Sources */,
				3777C5882010A173001CD0B8 /* JDCustomFormatter.m in Sources */,
				3777C58520108FF0001CD0B8 /* JDLog.m in Sources */,
				37D44BD71FE7B7B8006CBD30 /* V2Reformer.m in Sources */,
				3768FCBE1FE28B4F00B229AC /* BBusinessManager.m in Sources */,
				37DEE2F91FDE9A6500E453A2 /* CTCache.m in Sources */,
			);
			runOnlyForDeploymentPostprocessing = 0;
		};
/* End PBXSourcesBuildPhase section */

/* Begin PBXVariantGroup section */
		37FE64BC1FDE83D100937623 /* Main.storyboard */ = {
			isa = PBXVariantGroup;
			children = (
				37FE64BD1FDE83D100937623 /* Base */,
			);
			name = Main.storyboard;
			sourceTree = "<group>";
		};
		37FE64C11FDE83D100937623 /* LaunchScreen.storyboard */ = {
			isa = PBXVariantGroup;
			children = (
				37FE64C21FDE83D100937623 /* Base */,
			);
			name = LaunchScreen.storyboard;
			sourceTree = "<group>";
		};
/* End PBXVariantGroup section */

/* Begin XCBuildConfiguration section */
		37FE64C71FDE83D100937623 /* Debug */ = {
			isa = XCBuildConfiguration;
			buildSettings = {
				ALWAYS_SEARCH_USER_PATHS = NO;
				CLANG_ANALYZER_NONNULL = YES;
				CLANG_ANALYZER_NUMBER_OBJECT_CONVERSION = YES_AGGRESSIVE;
				CLANG_CXX_LANGUAGE_STANDARD = "gnu++14";
				CLANG_CXX_LIBRARY = "libc++";
				CLANG_ENABLE_MODULES = YES;
				CLANG_ENABLE_OBJC_ARC = YES;
				CLANG_WARN_BLOCK_CAPTURE_AUTORELEASING = YES;
				CLANG_WARN_BOOL_CONVERSION = YES;
				CLANG_WARN_COMMA = YES;
				CLANG_WARN_CONSTANT_CONVERSION = YES;
				CLANG_WARN_DIRECT_OBJC_ISA_USAGE = YES_ERROR;
				CLANG_WARN_DOCUMENTATION_COMMENTS = YES;
				CLANG_WARN_EMPTY_BODY = YES;
				CLANG_WARN_ENUM_CONVERSION = YES;
				CLANG_WARN_INFINITE_RECURSION = YES;
				CLANG_WARN_INT_CONVERSION = YES;
				CLANG_WARN_NON_LITERAL_NULL_CONVERSION = YES;
				CLANG_WARN_OBJC_LITERAL_CONVERSION = YES;
				CLANG_WARN_OBJC_ROOT_CLASS = YES_ERROR;
				CLANG_WARN_RANGE_LOOP_ANALYSIS = YES;
				CLANG_WARN_STRICT_PROTOTYPES = YES;
				CLANG_WARN_SUSPICIOUS_MOVE = YES;
				CLANG_WARN_UNGUARDED_AVAILABILITY = YES_AGGRESSIVE;
				CLANG_WARN_UNREACHABLE_CODE = YES;
				CLANG_WARN__DUPLICATE_METHOD_MATCH = YES;
				CODE_SIGN_IDENTITY = "iPhone Developer";
				COPY_PHASE_STRIP = NO;
				DEBUG_INFORMATION_FORMAT = dwarf;
				ENABLE_STRICT_OBJC_MSGSEND = YES;
				ENABLE_TESTABILITY = YES;
				GCC_C_LANGUAGE_STANDARD = gnu11;
				GCC_DYNAMIC_NO_PIC = NO;
				GCC_NO_COMMON_BLOCKS = YES;
				GCC_OPTIMIZATION_LEVEL = 0;
				GCC_PREPROCESSOR_DEFINITIONS = (
					"DEBUG=1",
					"$(inherited)",
				);
				GCC_WARN_64_TO_32_BIT_CONVERSION = YES;
				GCC_WARN_ABOUT_RETURN_TYPE = YES_ERROR;
				GCC_WARN_UNDECLARED_SELECTOR = YES;
				GCC_WARN_UNINITIALIZED_AUTOS = YES_AGGRESSIVE;
				GCC_WARN_UNUSED_FUNCTION = YES;
				GCC_WARN_UNUSED_VARIABLE = YES;
				IPHONEOS_DEPLOYMENT_TARGET = 11.2;
				MTL_ENABLE_DEBUG_INFO = YES;
				ONLY_ACTIVE_ARCH = YES;
				SDKROOT = iphoneos;
			};
			name = Debug;
		};
		37FE64C81FDE83D100937623 /* Release */ = {
			isa = XCBuildConfiguration;
			buildSettings = {
				ALWAYS_SEARCH_USER_PATHS = NO;
				CLANG_ANALYZER_NONNULL = YES;
				CLANG_ANALYZER_NUMBER_OBJECT_CONVERSION = YES_AGGRESSIVE;
				CLANG_CXX_LANGUAGE_STANDARD = "gnu++14";
				CLANG_CXX_LIBRARY = "libc++";
				CLANG_ENABLE_MODULES = YES;
				CLANG_ENABLE_OBJC_ARC = YES;
				CLANG_WARN_BLOCK_CAPTURE_AUTORELEASING = YES;
				CLANG_WARN_BOOL_CONVERSION = YES;
				CLANG_WARN_COMMA = YES;
				CLANG_WARN_CONSTANT_CONVERSION = YES;
				CLANG_WARN_DIRECT_OBJC_ISA_USAGE = YES_ERROR;
				CLANG_WARN_DOCUMENTATION_COMMENTS = YES;
				CLANG_WARN_EMPTY_BODY = YES;
				CLANG_WARN_ENUM_CONVERSION = YES;
				CLANG_WARN_INFINITE_RECURSION = YES;
				CLANG_WARN_INT_CONVERSION = YES;
				CLANG_WARN_NON_LITERAL_NULL_CONVERSION = YES;
				CLANG_WARN_OBJC_LITERAL_CONVERSION = YES;
				CLANG_WARN_OBJC_ROOT_CLASS = YES_ERROR;
				CLANG_WARN_RANGE_LOOP_ANALYSIS = YES;
				CLANG_WARN_STRICT_PROTOTYPES = YES;
				CLANG_WARN_SUSPICIOUS_MOVE = YES;
				CLANG_WARN_UNGUARDED_AVAILABILITY = YES_AGGRESSIVE;
				CLANG_WARN_UNREACHABLE_CODE = YES;
				CLANG_WARN__DUPLICATE_METHOD_MATCH = YES;
				CODE_SIGN_IDENTITY = "iPhone Developer";
				COPY_PHASE_STRIP = NO;
				DEBUG_INFORMATION_FORMAT = "dwarf-with-dsym";
				ENABLE_NS_ASSERTIONS = NO;
				ENABLE_STRICT_OBJC_MSGSEND = YES;
				GCC_C_LANGUAGE_STANDARD = gnu11;
				GCC_NO_COMMON_BLOCKS = YES;
				GCC_WARN_64_TO_32_BIT_CONVERSION = YES;
				GCC_WARN_ABOUT_RETURN_TYPE = YES_ERROR;
				GCC_WARN_UNDECLARED_SELECTOR = YES;
				GCC_WARN_UNINITIALIZED_AUTOS = YES_AGGRESSIVE;
				GCC_WARN_UNUSED_FUNCTION = YES;
				GCC_WARN_UNUSED_VARIABLE = YES;
				IPHONEOS_DEPLOYMENT_TARGET = 11.2;
				MTL_ENABLE_DEBUG_INFO = NO;
				SDKROOT = iphoneos;
				VALIDATE_PRODUCT = YES;
			};
			name = Release;
		};
		37FE64CA1FDE83D100937623 /* Debug */ = {
			isa = XCBuildConfiguration;
			baseConfigurationReference = DEA55867FCCDF1CC25178AEF /* Pods-JDComponents.debug.xcconfig */;
			buildSettings = {
				ASSETCATALOG_COMPILER_APPICON_NAME = AppIcon;
				CODE_SIGN_STYLE = Automatic;
				DEVELOPMENT_TEAM = 99PJ6X3Z7H;
				INFOPLIST_FILE = JDComponents/Info.plist;
				LD_RUNPATH_SEARCH_PATHS = "$(inherited) @executable_path/Frameworks";
				PRODUCT_BUNDLE_IDENTIFIER = com.ekwing.JDComponents;
				PRODUCT_NAME = "$(TARGET_NAME)";
				TARGETED_DEVICE_FAMILY = "1,2";
			};
			name = Debug;
		};
		37FE64CB1FDE83D100937623 /* Release */ = {
			isa = XCBuildConfiguration;
			baseConfigurationReference = E9D86EE9AC265C05EA3FD94B /* Pods-JDComponents.release.xcconfig */;
			buildSettings = {
				ASSETCATALOG_COMPILER_APPICON_NAME = AppIcon;
				CODE_SIGN_STYLE = Automatic;
				DEVELOPMENT_TEAM = 99PJ6X3Z7H;
				INFOPLIST_FILE = JDComponents/Info.plist;
				LD_RUNPATH_SEARCH_PATHS = "$(inherited) @executable_path/Frameworks";
				PRODUCT_BUNDLE_IDENTIFIER = com.ekwing.JDComponents;
				PRODUCT_NAME = "$(TARGET_NAME)";
				TARGETED_DEVICE_FAMILY = "1,2";
			};
			name = Release;
		};
/* End XCBuildConfiguration section */

/* Begin XCConfigurationList section */
		37FE64AE1FDE83D100937623 /* Build configuration list for PBXProject "JDComponents" */ = {
			isa = XCConfigurationList;
			buildConfigurations = (
				37FE64C71FDE83D100937623 /* Debug */,
				37FE64C81FDE83D100937623 /* Release */,
			);
			defaultConfigurationIsVisible = 0;
			defaultConfigurationName = Release;
		};
		37FE64C91FDE83D100937623 /* Build configuration list for PBXNativeTarget "JDComponents" */ = {
			isa = XCConfigurationList;
			buildConfigurations = (
				37FE64CA1FDE83D100937623 /* Debug */,
				37FE64CB1FDE83D100937623 /* Release */,
			);
			defaultConfigurationIsVisible = 0;
			defaultConfigurationName = Release;
		};
/* End XCConfigurationList section */
	};
	rootObject = 37FE64AB1FDE83D100937623 /* Project object */;
}
