// !$*UTF8*$!
{
	archiveVersion = 1;
	classes = {
	};
	objectVersion = 48;
	objects = {

/* Begin PBXBuildFile section */
		37FE64B81FDE83D100937623 /* AppDelegate.m in Sources */ = {isa = PBXBuildFile; fileRef = 37FE64B71FDE83D100937623 /* AppDelegate.m */; };
		37FE64BB1FDE83D100937623 /* ViewController.m in Sources */ = {isa = PBXBuildFile; fileRef = 37FE64BA1FDE83D100937623 /* ViewController.m */; };
		37FE64BE1FDE83D100937623 /* Main.storyboard in Resources */ = {isa = PBXBuildFile; fileRef = 37FE64BC1FDE83D100937623 /* Main.storyboard */; };
		37FE64C01FDE83D100937623 /* Assets.xcassets in Resources */ = {isa = PBXBuildFile; fileRef = 37FE64BF1FDE83D100937623 /* Assets.xcassets */; };
		37FE64C31FDE83D100937623 /* LaunchScreen.storyboard in Resources */ = {isa = PBXBuildFile; fileRef = 37FE64C11FDE83D100937623 /* LaunchScreen.storyboard */; };
		37FE64C61FDE83D100937623 /* main.m in Sources */ = {isa = PBXBuildFile; fileRef = 37FE64C51FDE83D100937623 /* main.m */; };
		520DBD02F7803B68728A99CA /* libPods-JDComponents.a in Frameworks */ = {isa = PBXBuildFile; fileRef = FD6415E0336CE674E06A95D5 /* libPods-JDComponents.a */; };
/* End PBXBuildFile section */

/* Begin PBXFileReference section */
		37FE64B31FDE83D100937623 /* JDComponents.app */ = {isa = PBXFileReference; explicitFileType = wrapper.application; includeInIndex = 0; path = JDComponents.app; sourceTree = BUILT_PRODUCTS_DIR; };
		37FE64B61FDE83D100937623 /* AppDelegate.h */ = {isa = PBXFileReference; lastKnownFileType = sourcecode.c.h; path = AppDelegate.h; sourceTree = "<group>"; };
		37FE64B71FDE83D100937623 /* AppDelegate.m */ = {isa = PBXFileReference; lastKnownFileType = sourcecode.c.objc; path = AppDelegate.m; sourceTree = "<group>"; };
		37FE64B91FDE83D100937623 /* ViewController.h */ = {isa = PBXFileReference; lastKnownFileType = sourcecode.c.h; path = ViewController.h; sourceTree = "<group>"; };
		37FE64BA1FDE83D100937623 /* ViewController.m */ = {isa = PBXFileReference; lastKnownFileType = sourcecode.c.objc; path = ViewController.m; sourceTree = "<group>"; };
		37FE64BD1FDE83D100937623 /* Base */ = {isa = PBXFileReference; lastKnownFileType = file.storyboard; name = Base; path = Base.lproj/Main.storyboard; sourceTree = "<group>"; };
		37FE64BF1FDE83D100937623 /* Assets.xcassets */ = {isa = PBXFileReference; lastKnownFileType = folder.assetcatalog; path = Assets.xcassets; sourceTree = "<group>"; };
		37FE64C21FDE83D100937623 /* Base */ = {isa = PBXFileReference; lastKnownFileType = file.storyboard; name = Base; path = Base.lproj/LaunchScreen.storyboard; sourceTree = "<group>"; };
		37FE64C41FDE83D100937623 /* Info.plist */ = {isa = PBXFileReference; lastKnownFileType = text.plist.xml; path = Info.plist; sourceTree = "<group>"; };
		37FE64C51FDE83D100937623 /* main.m */ = {isa = PBXFileReference; lastKnownFileType = sourcecode.c.objc; path = main.m; sourceTree = "<group>"; };
		DEA55867FCCDF1CC25178AEF /* Pods-JDComponents.debug.xcconfig */ = {isa = PBXFileReference; includeInIndex = 1; lastKnownFileType = text.xcconfig; name = "Pods-JDComponents.debug.xcconfig"; path = "Pods/Target Support Files/Pods-JDComponents/Pods-JDComponents.debug.xcconfig"; sourceTree = "<group>"; };
		E9D86EE9AC265C05EA3FD94B /* Pods-JDComponents.release.xcconfig */ = {isa = PBXFileReference; includeInIndex = 1; lastKnownFileType = text.xcconfig; name = "Pods-JDComponents.release.xcconfig"; path = "Pods/Target Support Files/Pods-JDComponents/Pods-JDComponents.release.xcconfig"; sourceTree = "<group>"; };
		FD6415E0336CE674E06A95D5 /* libPods-JDComponents.a */ = {isa = PBXFileReference; explicitFileType = archive.ar; includeInIndex = 0; path = "libPods-JDComponents.a"; sourceTree = BUILT_PRODUCTS_DIR; };
/* End PBXFileReference section */

/* Begin PBXFrameworksBuildPhase section */
		37FE64B01FDE83D100937623 /* Frameworks */ = {
			isa = PBXFrameworksBuildPhase;
			buildActionMask = 2147483647;
			files = (
				520DBD02F7803B68728A99CA /* libPods-JDComponents.a in Frameworks */,
			);
			runOnlyForDeploymentPostprocessing = 0;
		};
/* End PBXFrameworksBuildPhase section */

/* Begin PBXGroup section */
		0B3F4FCCD5CB7920C76397CA /* Pods */ = {
			isa = PBXGroup;
			children = (
				DEA55867FCCDF1CC25178AEF /* Pods-JDComponents.debug.xcconfig */,
				E9D86EE9AC265C05EA3FD94B /* Pods-JDComponents.release.xcconfig */,
			);
			name = Pods;
			sourceTree = "<group>";
		};
		37FE64AA1FDE83D100937623 = {
			isa = PBXGroup;
			children = (
				37FE64B51FDE83D100937623 /* JDComponents */,
				37FE64B41FDE83D100937623 /* Products */,
				0B3F4FCCD5CB7920C76397CA /* Pods */,
				637FFB9E69EB7CB88883AF5E /* Frameworks */,
			);
			sourceTree = "<group>";
		};
		37FE64B41FDE83D100937623 /* Products */ = {
			isa = PBXGroup;
			children = (
				37FE64B31FDE83D100937623 /* JDComponents.app */,
			);
			name = Products;
			sourceTree = "<group>";
		};
		37FE64B51FDE83D100937623 /* JDComponents */ = {
			isa = PBXGroup;
			children = (
				37FE64B61FDE83D100937623 /* AppDelegate.h */,
				37FE64B71FDE83D100937623 /* AppDelegate.m */,
				37FE64B91FDE83D100937623 /* ViewController.h */,
				37FE64BA1FDE83D100937623 /* ViewController.m */,
				37FE64BC1FDE83D100937623 /* Main.storyboard */,
				37FE64BF1FDE83D100937623 /* Assets.xcassets */,
				37FE64C11FDE83D100937623 /* LaunchScreen.storyboard */,
				37FE64C41FDE83D100937623 /* Info.plist */,
				37FE64C51FDE83D100937623 /* main.m */,
			);
			path = JDComponents;
			sourceTree = "<group>";
		};
		637FFB9E69EB7CB88883AF5E /* Frameworks */ = {
			isa = PBXGroup;
			children = (
				FD6415E0336CE674E06A95D5 /* libPods-JDComponents.a */,
			);
			name = Frameworks;
			sourceTree = "<group>";
		};
/* End PBXGroup section */

/* Begin PBXNativeTarget section */
		37FE64B21FDE83D100937623 /* JDComponents */ = {
			isa = PBXNativeTarget;
			buildConfigurationList = 37FE64C91FDE83D100937623 /* Build configuration list for PBXNativeTarget "JDComponents" */;
			buildPhases = (
				4CDDF8F515FA485C48008EA9 /* [CP] Check Pods Manifest.lock */,
				37FE64AF1FDE83D100937623 /* Sources */,
				37FE64B01FDE83D100937623 /* Frameworks */,
				37FE64B11FDE83D100937623 /* Resources */,
				C37DF3F7680D124FDE803979 /* [CP] Embed Pods Frameworks */,
				34FCB33CD5463F4ECCEE8306 /* [CP] Copy Pods Resources */,
			);
			buildRules = (
			);
			dependencies = (
			);
			name = JDComponents;
			productName = JDComponents;
			productReference = 37FE64B31FDE83D100937623 /* JDComponents.app */;
			productType = "com.apple.product-type.application";
		};
/* End PBXNativeTarget section */

/* Begin PBXProject section */
		37FE64AB1FDE83D100937623 /* Project object */ = {
			isa = PBXProject;
			attributes = {
				LastUpgradeCheck = 0920;
				ORGANIZATIONNAME = lcjingdi;
				TargetAttributes = {
					37FE64B21FDE83D100937623 = {
						CreatedOnToolsVersion = 9.2;
						ProvisioningStyle = Automatic;
					};
				};
			};
			buildConfigurationList = 37FE64AE1FDE83D100937623 /* Build configuration list for PBXProject "JDComponents" */;
			compatibilityVersion = "Xcode 8.0";
			developmentRegion = en;
			hasScannedForEncodings = 0;
			knownRegions = (
				en,
				Base,
			);
			mainGroup = 37FE64AA1FDE83D100937623;
			productRefGroup = 37FE64B41FDE83D100937623 /* Products */;
			projectDirPath = "";
			projectRoot = "";
			targets = (
				37FE64B21FDE83D100937623 /* JDComponents */,
			);
		};
/* End PBXProject section */

/* Begin PBXResourcesBuildPhase section */
		37FE64B11FDE83D100937623 /* Resources */ = {
			isa = PBXResourcesBuildPhase;
			buildActionMask = 2147483647;
			files = (
				37FE64C31FDE83D100937623 /* LaunchScreen.storyboard in Resources */,
				37FE64C01FDE83D100937623 /* Assets.xcassets in Resources */,
				37FE64BE1FDE83D100937623 /* Main.storyboard in Resources */,
			);
			runOnlyForDeploymentPostprocessing = 0;
		};
/* End PBXResourcesBuildPhase section */

/* Begin PBXShellScriptBuildPhase section */
		34FCB33CD5463F4ECCEE8306 /* [CP] Copy Pods Resources */ = {
			isa = PBXShellScriptBuildPhase;
			buildActionMask = 2147483647;
			files = (
			);
			inputPaths = (
			);
			name = "[CP] Copy Pods Resources";
			outputPaths = (
			);
			runOnlyForDeploymentPostprocessing = 0;
			shellPath = /bin/sh;
			shellScript = "\"${SRCROOT}/Pods/Target Support Files/Pods-JDComponents/Pods-JDComponents-resources.sh\"\n";
			showEnvVarsInLog = 0;
		};
		4CDDF8F515FA485C48008EA9 /* [CP] Check Pods Manifest.lock */ = {
			isa = PBXShellScriptBuildPhase;
			buildActionMask = 2147483647;
			files = (
			);
			inputPaths = (
				"${PODS_PODFILE_DIR_PATH}/Podfile.lock",
				"${PODS_ROOT}/Manifest.lock",
			);
			name = "[CP] Check Pods Manifest.lock";
			outputPaths = (
				"$(DERIVED_FILE_DIR)/Pods-JDComponents-checkManifestLockResult.txt",
			);
			runOnlyForDeploymentPostprocessing = 0;
			shellPath = /bin/sh;
			shellScript = "diff \"${PODS_PODFILE_DIR_PATH}/Podfile.lock\" \"${PODS_ROOT}/Manifest.lock\" > /dev/null\nif [ $? != 0 ] ; then\n    # print error to STDERR\n    echo \"error: The sandbox is not in sync with the Podfile.lock. Run 'pod install' or update your CocoaPods installation.\" >&2\n    exit 1\nfi\n# This output is used by Xcode 'outputs' to avoid re-running this script phase.\necho \"SUCCESS\" > \"${SCRIPT_OUTPUT_FILE_0}\"\n";
			showEnvVarsInLog = 0;
		};
		C37DF3F7680D124FDE803979 /* [CP] Embed Pods Frameworks */ = {
			isa = PBXShellScriptBuildPhase;
			buildActionMask = 2147483647;
			files = (
			);
			inputPaths = (
			);
			name = "[CP] Embed Pods Frameworks";
			outputPaths = (
			);
			runOnlyForDeploymentPostprocessing = 0;
			shellPath = /bin/sh;
			shellScript = "\"${SRCROOT}/Pods/Target Support Files/Pods-JDComponents/Pods-JDComponents-frameworks.sh\"\n";
			showEnvVarsInLog = 0;
		};
/* End PBXShellScriptBuildPhase section */

/* Begin PBXSourcesBuildPhase section */
		37FE64AF1FDE83D100937623 /* Sources */ = {
			isa = PBXSourcesBuildPhase;
			buildActionMask = 2147483647;
			files = (
				37FE64BB1FDE83D100937623 /* ViewController.m in Sources */,
				37FE64C61FDE83D100937623 /* main.m in Sources */,
				37FE64B81FDE83D100937623 /* AppDelegate.m in Sources */,
			);
			runOnlyForDeploymentPostprocessing = 0;
		};
/* End PBXSourcesBuildPhase section */

/* Begin PBXVariantGroup section */
		37FE64BC1FDE83D100937623 /* Main.storyboard */ = {
			isa = PBXVariantGroup;
			children = (
				37FE64BD1FDE83D100937623 /* Base */,
			);
			name = Main.storyboard;
			sourceTree = "<group>";
		};
		37FE64C11FDE83D100937623 /* LaunchScreen.storyboard */ = {
			isa = PBXVariantGroup;
			children = (
				37FE64C21FDE83D100937623 /* Base */,
			);
			name = LaunchScreen.storyboard;
			sourceTree = "<group>";
		};
/* End PBXVariantGroup section */

/* Begin XCBuildConfiguration section */
		37FE64C71FDE83D100937623 /* Debug */ = {
			isa = XCBuildConfiguration;
			buildSettings = {
				ALWAYS_SEARCH_USER_PATHS = NO;
				CLANG_ANALYZER_NONNULL = YES;
				CLANG_ANALYZER_NUMBER_OBJECT_CONVERSION = YES_AGGRESSIVE;
				CLANG_CXX_LANGUAGE_STANDARD = "gnu++14";
				CLANG_CXX_LIBRARY = "libc++";
				CLANG_ENABLE_MODULES = YES;
				CLANG_ENABLE_OBJC_ARC = YES;
				CLANG_WARN_BLOCK_CAPTURE_AUTORELEASING = YES;
				CLANG_WARN_BOOL_CONVERSION = YES;
				CLANG_WARN_COMMA = YES;
				CLANG_WARN_CONSTANT_CONVERSION = YES;
				CLANG_WARN_DIRECT_OBJC_ISA_USAGE = YES_ERROR;
				CLANG_WARN_DOCUMENTATION_COMMENTS = YES;
				CLANG_WARN_EMPTY_BODY = YES;
				CLANG_WARN_ENUM_CONVERSION = YES;
				CLANG_WARN_INFINITE_RECURSION = YES;
				CLANG_WARN_INT_CONVERSION = YES;
				CLANG_WARN_NON_LITERAL_NULL_CONVERSION = YES;
				CLANG_WARN_OBJC_LITERAL_CONVERSION = YES;
				CLANG_WARN_OBJC_ROOT_CLASS = YES_ERROR;
				CLANG_WARN_RANGE_LOOP_ANALYSIS = YES;
				CLANG_WARN_STRICT_PROTOTYPES = YES;
				CLANG_WARN_SUSPICIOUS_MOVE = YES;
				CLANG_WARN_UNGUARDED_AVAILABILITY = YES_AGGRESSIVE;
				CLANG_WARN_UNREACHABLE_CODE = YES;
				CLANG_WARN__DUPLICATE_METHOD_MATCH = YES;
				CODE_SIGN_IDENTITY = "iPhone Developer";
				COPY_PHASE_STRIP = NO;
				DEBUG_INFORMATION_FORMAT = dwarf;
				ENABLE_STRICT_OBJC_MSGSEND = YES;
				ENABLE_TESTABILITY = YES;
				GCC_C_LANGUAGE_STANDARD = gnu11;
				GCC_DYNAMIC_NO_PIC = NO;
				GCC_NO_COMMON_BLOCKS = YES;
				GCC_OPTIMIZATION_LEVEL = 0;
				GCC_PREPROCESSOR_DEFINITIONS = (
					"DEBUG=1",
					"$(inherited)",
				);
				GCC_WARN_64_TO_32_BIT_CONVERSION = YES;
				GCC_WARN_ABOUT_RETURN_TYPE = YES_ERROR;
				GCC_WARN_UNDECLARED_SELECTOR = YES;
				GCC_WARN_UNINITIALIZED_AUTOS = YES_AGGRESSIVE;
				GCC_WARN_UNUSED_FUNCTION = YES;
				GCC_WARN_UNUSED_VARIABLE = YES;
				IPHONEOS_DEPLOYMENT_TARGET = 11.2;
				MTL_ENABLE_DEBUG_INFO = YES;
				ONLY_ACTIVE_ARCH = YES;
				SDKROOT = iphoneos;
			};
			name = Debug;
		};
		37FE64C81FDE83D100937623 /* Release */ = {
			isa = XCBuildConfiguration;
			buildSettings = {
				ALWAYS_SEARCH_USER_PATHS = NO;
				CLANG_ANALYZER_NONNULL = YES;
				CLANG_ANALYZER_NUMBER_OBJECT_CONVERSION = YES_AGGRESSIVE;
				CLANG_CXX_LANGUAGE_STANDARD = "gnu++14";
				CLANG_CXX_LIBRARY = "libc++";
				CLANG_ENABLE_MODULES = YES;
				CLANG_ENABLE_OBJC_ARC = YES;
				CLANG_WARN_BLOCK_CAPTURE_AUTORELEASING = YES;
				CLANG_WARN_BOOL_CONVERSION = YES;
				CLANG_WARN_COMMA = YES;
				CLANG_WARN_CONSTANT_CONVERSION = YES;
				CLANG_WARN_DIRECT_OBJC_ISA_USAGE = YES_ERROR;
				CLANG_WARN_DOCUMENTATION_COMMENTS = YES;
				CLANG_WARN_EMPTY_BODY = YES;
				CLANG_WARN_ENUM_CONVERSION = YES;
				CLANG_WARN_INFINITE_RECURSION = YES;
				CLANG_WARN_INT_CONVERSION = YES;
				CLANG_WARN_NON_LITERAL_NULL_CONVERSION = YES;
				CLANG_WARN_OBJC_LITERAL_CONVERSION = YES;
				CLANG_WARN_OBJC_ROOT_CLASS = YES_ERROR;
				CLANG_WARN_RANGE_LOOP_ANALYSIS = YES;
				CLANG_WARN_STRICT_PROTOTYPES = YES;
				CLANG_WARN_SUSPICIOUS_MOVE = YES;
				CLANG_WARN_UNGUARDED_AVAILABILITY = YES_AGGRESSIVE;
				CLANG_WARN_UNREACHABLE_CODE = YES;
				CLANG_WARN__DUPLICATE_METHOD_MATCH = YES;
				CODE_SIGN_IDENTITY = "iPhone Developer";
				COPY_PHASE_STRIP = NO;
				DEBUG_INFORMATION_FORMAT = "dwarf-with-dsym";
				ENABLE_NS_ASSERTIONS = NO;
				ENABLE_STRICT_OBJC_MSGSEND = YES;
				GCC_C_LANGUAGE_STANDARD = gnu11;
				GCC_NO_COMMON_BLOCKS = YES;
				GCC_WARN_64_TO_32_BIT_CONVERSION = YES;
				GCC_WARN_ABOUT_RETURN_TYPE = YES_ERROR;
				GCC_WARN_UNDECLARED_SELECTOR = YES;
				GCC_WARN_UNINITIALIZED_AUTOS = YES_AGGRESSIVE;
				GCC_WARN_UNUSED_FUNCTION = YES;
				GCC_WARN_UNUSED_VARIABLE = YES;
				IPHONEOS_DEPLOYMENT_TARGET = 11.2;
				MTL_ENABLE_DEBUG_INFO = NO;
				SDKROOT = iphoneos;
				VALIDATE_PRODUCT = YES;
			};
			name = Release;
		};
		37FE64CA1FDE83D100937623 /* Debug */ = {
			isa = XCBuildConfiguration;
			baseConfigurationReference = DEA55867FCCDF1CC25178AEF /* Pods-JDComponents.debug.xcconfig */;
			buildSettings = {
				ASSETCATALOG_COMPILER_APPICON_NAME = AppIcon;
				CODE_SIGN_STYLE = Automatic;
				DEVELOPMENT_TEAM = 99PJ6X3Z7H;
				INFOPLIST_FILE = JDComponents/Info.plist;
				LD_RUNPATH_SEARCH_PATHS = "$(inherited) @executable_path/Frameworks";
				PRODUCT_BUNDLE_IDENTIFIER = com.ekwing.JDComponents;
				PRODUCT_NAME = "$(TARGET_NAME)";
				TARGETED_DEVICE_FAMILY = "1,2";
			};
			name = Debug;
		};
		37FE64CB1FDE83D100937623 /* Release */ = {
			isa = XCBuildConfiguration;
			baseConfigurationReference = E9D86EE9AC265C05EA3FD94B /* Pods-JDComponents.release.xcconfig */;
			buildSettings = {
				ASSETCATALOG_COMPILER_APPICON_NAME = AppIcon;
				CODE_SIGN_STYLE = Automatic;
				DEVELOPMENT_TEAM = 99PJ6X3Z7H;
				INFOPLIST_FILE = JDComponents/Info.plist;
				LD_RUNPATH_SEARCH_PATHS = "$(inherited) @executable_path/Frameworks";
				PRODUCT_BUNDLE_IDENTIFIER = com.ekwing.JDComponents;
				PRODUCT_NAME = "$(TARGET_NAME)";
				TARGETED_DEVICE_FAMILY = "1,2";
			};
			name = Release;
		};
/* End XCBuildConfiguration section */

/* Begin XCConfigurationList section */
		37FE64AE1FDE83D100937623 /* Build configuration list for PBXProject "JDComponents" */ = {
			isa = XCConfigurationList;
			buildConfigurations = (
				37FE64C71FDE83D100937623 /* Debug */,
				37FE64C81FDE83D100937623 /* Release */,
			);
			defaultConfigurationIsVisible = 0;
			defaultConfigurationName = Release;
		};
		37FE64C91FDE83D100937623 /* Build configuration list for PBXNativeTarget "JDComponents" */ = {
			isa = XCConfigurationList;
			buildConfigurations = (
				37FE64CA1FDE83D100937623 /* Debug */,
				37FE64CB1FDE83D100937623 /* Release */,
			);
			defaultConfigurationIsVisible = 0;
			defaultConfigurationName = Release;
		};
/* End XCConfigurationList section */
	};
	rootObject = 37FE64AB1FDE83D100937623 /* Project object */;
}
